# This file is automatically @generated by Poetry 1.6.1 and should not be changed by hand.

[[package]]
name = "astroid"
version = "3.0.1"
description = "An abstract syntax tree for Python with inference support."
optional = false
python-versions = ">=3.8.0"
files = [
    {file = "astroid-3.0.1-py3-none-any.whl", hash = "sha256:7d5895c9825e18079c5aeac0572bc2e4c83205c95d416e0b4fee8bc361d2d9ca"},
    {file = "astroid-3.0.1.tar.gz", hash = "sha256:86b0bb7d7da0be1a7c4aedb7974e391b32d4ed89e33de6ed6902b4b15c97577e"},
]

[package.dependencies]
typing-extensions = {version = ">=4.0.0", markers = "python_version < \"3.11\""}

[[package]]
name = "black"
version = "23.9.1"
description = "The uncompromising code formatter."
optional = false
python-versions = ">=3.8"
files = [
    {file = "black-23.9.1-cp310-cp310-macosx_10_16_arm64.whl", hash = "sha256:d6bc09188020c9ac2555a498949401ab35bb6bf76d4e0f8ee251694664df6301"},
    {file = "black-23.9.1-cp310-cp310-macosx_10_16_universal2.whl", hash = "sha256:13ef033794029b85dfea8032c9d3b92b42b526f1ff4bf13b2182ce4e917f5100"},
    {file = "black-23.9.1-cp310-cp310-macosx_10_16_x86_64.whl", hash = "sha256:75a2dc41b183d4872d3a500d2b9c9016e67ed95738a3624f4751a0cb4818fe71"},
    {file = "black-23.9.1-cp310-cp310-manylinux_2_17_x86_64.manylinux2014_x86_64.whl", hash = "sha256:13a2e4a93bb8ca74a749b6974925c27219bb3df4d42fc45e948a5d9feb5122b7"},
    {file = "black-23.9.1-cp310-cp310-win_amd64.whl", hash = "sha256:adc3e4442eef57f99b5590b245a328aad19c99552e0bdc7f0b04db6656debd80"},
    {file = "black-23.9.1-cp311-cp311-macosx_10_16_arm64.whl", hash = "sha256:8431445bf62d2a914b541da7ab3e2b4f3bc052d2ccbf157ebad18ea126efb91f"},
    {file = "black-23.9.1-cp311-cp311-macosx_10_16_universal2.whl", hash = "sha256:8fc1ddcf83f996247505db6b715294eba56ea9372e107fd54963c7553f2b6dfe"},
    {file = "black-23.9.1-cp311-cp311-macosx_10_16_x86_64.whl", hash = "sha256:7d30ec46de88091e4316b17ae58bbbfc12b2de05e069030f6b747dfc649ad186"},
    {file = "black-23.9.1-cp311-cp311-manylinux_2_17_x86_64.manylinux2014_x86_64.whl", hash = "sha256:031e8c69f3d3b09e1aa471a926a1eeb0b9071f80b17689a655f7885ac9325a6f"},
    {file = "black-23.9.1-cp311-cp311-win_amd64.whl", hash = "sha256:538efb451cd50f43aba394e9ec7ad55a37598faae3348d723b59ea8e91616300"},
    {file = "black-23.9.1-cp38-cp38-macosx_10_16_arm64.whl", hash = "sha256:638619a559280de0c2aa4d76f504891c9860bb8fa214267358f0a20f27c12948"},
    {file = "black-23.9.1-cp38-cp38-macosx_10_16_universal2.whl", hash = "sha256:a732b82747235e0542c03bf352c126052c0fbc458d8a239a94701175b17d4855"},
    {file = "black-23.9.1-cp38-cp38-macosx_10_16_x86_64.whl", hash = "sha256:cf3a4d00e4cdb6734b64bf23cd4341421e8953615cba6b3670453737a72ec204"},
    {file = "black-23.9.1-cp38-cp38-manylinux_2_17_x86_64.manylinux2014_x86_64.whl", hash = "sha256:cf99f3de8b3273a8317681d8194ea222f10e0133a24a7548c73ce44ea1679377"},
    {file = "black-23.9.1-cp38-cp38-win_amd64.whl", hash = "sha256:14f04c990259576acd093871e7e9b14918eb28f1866f91968ff5524293f9c573"},
    {file = "black-23.9.1-cp39-cp39-macosx_10_16_arm64.whl", hash = "sha256:c619f063c2d68f19b2d7270f4cf3192cb81c9ec5bc5ba02df91471d0b88c4c5c"},
    {file = "black-23.9.1-cp39-cp39-macosx_10_16_universal2.whl", hash = "sha256:6a3b50e4b93f43b34a9d3ef00d9b6728b4a722c997c99ab09102fd5efdb88325"},
    {file = "black-23.9.1-cp39-cp39-macosx_10_16_x86_64.whl", hash = "sha256:c46767e8df1b7beefb0899c4a95fb43058fa8500b6db144f4ff3ca38eb2f6393"},
    {file = "black-23.9.1-cp39-cp39-manylinux_2_17_x86_64.manylinux2014_x86_64.whl", hash = "sha256:50254ebfa56aa46a9fdd5d651f9637485068a1adf42270148cd101cdf56e0ad9"},
    {file = "black-23.9.1-cp39-cp39-win_amd64.whl", hash = "sha256:403397c033adbc45c2bd41747da1f7fc7eaa44efbee256b53842470d4ac5a70f"},
    {file = "black-23.9.1-py3-none-any.whl", hash = "sha256:6ccd59584cc834b6d127628713e4b6b968e5f79572da66284532525a042549f9"},
    {file = "black-23.9.1.tar.gz", hash = "sha256:24b6b3ff5c6d9ea08a8888f6977eae858e1f340d7260cf56d70a49823236b62d"},
]

[package.dependencies]
click = ">=8.0.0"
mypy-extensions = ">=0.4.3"
packaging = ">=22.0"
pathspec = ">=0.9.0"
platformdirs = ">=2"
tomli = {version = ">=1.1.0", markers = "python_version < \"3.11\""}
typing-extensions = {version = ">=4.0.1", markers = "python_version < \"3.11\""}

[package.extras]
colorama = ["colorama (>=0.4.3)"]
d = ["aiohttp (>=3.7.4)"]
jupyter = ["ipython (>=7.8.0)", "tokenize-rt (>=3.2.0)"]
uvloop = ["uvloop (>=0.15.2)"]

[[package]]
name = "click"
version = "8.1.3"
description = "Composable command line interface toolkit"
optional = false
python-versions = ">=3.7"
files = [
    {file = "click-8.1.3-py3-none-any.whl", hash = "sha256:bb4d8133cb15a609f44e8213d9b391b0809795062913b383c62be0ee95b1db48"},
    {file = "click-8.1.3.tar.gz", hash = "sha256:7682dc8afb30297001674575ea00d1814d808d6a36af415a82bd481d37ba7b8e"},
]

[package.dependencies]
colorama = {version = "*", markers = "platform_system == \"Windows\""}

[[package]]
name = "colorama"
version = "0.4.6"
description = "Cross-platform colored terminal text."
optional = false
python-versions = "!=3.0.*,!=3.1.*,!=3.2.*,!=3.3.*,!=3.4.*,!=3.5.*,!=3.6.*,>=2.7"
files = [
    {file = "colorama-0.4.6-py2.py3-none-any.whl", hash = "sha256:4f1d9991f5acc0ca119f9d443620b77f9d6b33703e51011c16baf57afb285fc6"},
    {file = "colorama-0.4.6.tar.gz", hash = "sha256:08695f5cb7ed6e0531a20572697297273c47b8cae5a63ffc6d6ed5c201be6e44"},
]

[[package]]
name = "dill"
version = "0.3.6"
description = "serialize all of python"
optional = false
python-versions = ">=3.7"
files = [
    {file = "dill-0.3.6-py3-none-any.whl", hash = "sha256:a07ffd2351b8c678dfc4a856a3005f8067aea51d6ba6c700796a4d9e280f39f0"},
    {file = "dill-0.3.6.tar.gz", hash = "sha256:e5db55f3687856d8fbdab002ed78544e1c4559a130302693d839dfe8f93f2373"},
]

[package.extras]
graph = ["objgraph (>=1.7.2)"]

[[package]]
name = "dill"
version = "0.3.7"
description = "serialize all of Python"
optional = false
python-versions = ">=3.7"
files = [
    {file = "dill-0.3.7-py3-none-any.whl", hash = "sha256:76b122c08ef4ce2eedcd4d1abd8e641114bfc6c2867f49f3c41facf65bf19f5e"},
    {file = "dill-0.3.7.tar.gz", hash = "sha256:cc1c8b182eb3013e24bd475ff2e9295af86c1a38eb1aff128dac8962a9ce3c03"},
]

[package.extras]
graph = ["objgraph (>=1.7.2)"]

[[package]]
name = "exceptiongroup"
version = "1.1.0"
description = "Backport of PEP 654 (exception groups)"
optional = false
python-versions = ">=3.7"
files = [
    {file = "exceptiongroup-1.1.0-py3-none-any.whl", hash = "sha256:327cbda3da756e2de031a3107b81ab7b3770a602c4d16ca618298c526f4bec1e"},
    {file = "exceptiongroup-1.1.0.tar.gz", hash = "sha256:bcb67d800a4497e1b404c2dd44fca47d3b7a5e5433dbab67f96c1a685cdfdf23"},
]

[package.extras]
test = ["pytest (>=6)"]

[[package]]
name = "iniconfig"
version = "1.1.1"
description = "iniconfig: brain-dead simple config-ini parsing"
optional = false
python-versions = "*"
files = [
    {file = "iniconfig-1.1.1-py2.py3-none-any.whl", hash = "sha256:011e24c64b7f47f6ebd835bb12a743f2fbe9a26d4cecaa7f53bc4f35ee9da8b3"},
    {file = "iniconfig-1.1.1.tar.gz", hash = "sha256:bc3af051d7d14b2ee5ef9969666def0cd1a000e121eaea580d4a313df4b37f32"},
]

[[package]]
name = "isort"
version = "5.12.0"
description = "A Python utility / library to sort Python imports."
optional = false
python-versions = ">=3.8.0"
files = [
    {file = "isort-5.12.0-py3-none-any.whl", hash = "sha256:f84c2818376e66cf843d497486ea8fed8700b340f308f076c6fb1229dff318b6"},
    {file = "isort-5.12.0.tar.gz", hash = "sha256:8bef7dde241278824a6d83f44a544709b065191b95b6e50894bdc722fcba0504"},
]

[package.extras]
colors = ["colorama (>=0.4.3)"]
pipfile-deprecated-finder = ["pip-shims (>=0.5.2)", "pipreqs", "requirementslib"]
plugins = ["setuptools"]
requirements-deprecated-finder = ["pip-api", "pipreqs"]

[[package]]
name = "mccabe"
version = "0.7.0"
description = "McCabe checker, plugin for flake8"
optional = false
python-versions = ">=3.6"
files = [
    {file = "mccabe-0.7.0-py2.py3-none-any.whl", hash = "sha256:6c2d30ab6be0e4a46919781807b4f0d834ebdd6c6e3dca0bda5a15f863427b6e"},
    {file = "mccabe-0.7.0.tar.gz", hash = "sha256:348e0240c33b60bbdf4e523192ef919f28cb2c3d7d5c7794f74009290f236325"},
]

[[package]]
name = "mypy-extensions"
version = "0.4.3"
description = "Experimental type system extensions for programs checked with the mypy typechecker."
optional = false
python-versions = "*"
files = [
    {file = "mypy_extensions-0.4.3-py2.py3-none-any.whl", hash = "sha256:090fedd75945a69ae91ce1303b5824f428daf5a028d2f6ab8a299250a846f15d"},
    {file = "mypy_extensions-0.4.3.tar.gz", hash = "sha256:2d82818f5bb3e369420cb3c4060a7970edba416647068eb4c5343488a6c604a8"},
]

[[package]]
name = "packaging"
version = "22.0"
description = "Core utilities for Python packages"
optional = false
python-versions = ">=3.7"
files = [
    {file = "packaging-22.0-py3-none-any.whl", hash = "sha256:957e2148ba0e1a3b282772e791ef1d8083648bc131c8ab0c1feba110ce1146c3"},
    {file = "packaging-22.0.tar.gz", hash = "sha256:2198ec20bd4c017b8f9717e00f0c8714076fc2fd93816750ab48e2c41de2cfd3"},
]

[[package]]
name = "pathspec"
version = "0.10.3"
description = "Utility library for gitignore style pattern matching of file paths."
optional = false
python-versions = ">=3.7"
files = [
    {file = "pathspec-0.10.3-py3-none-any.whl", hash = "sha256:3c95343af8b756205e2aba76e843ba9520a24dd84f68c22b9f93251507509dd6"},
    {file = "pathspec-0.10.3.tar.gz", hash = "sha256:56200de4077d9d0791465aa9095a01d421861e405b5096955051deefd697d6f6"},
]

[[package]]
name = "platformdirs"
version = "2.6.2"
description = "A small Python package for determining appropriate platform-specific dirs, e.g. a \"user data dir\"."
optional = false
python-versions = ">=3.7"
files = [
    {file = "platformdirs-2.6.2-py3-none-any.whl", hash = "sha256:83c8f6d04389165de7c9b6f0c682439697887bca0aa2f1c87ef1826be3584490"},
    {file = "platformdirs-2.6.2.tar.gz", hash = "sha256:e1fea1fe471b9ff8332e229df3cb7de4f53eeea4998d3b6bfff542115e998bd2"},
]

[package.extras]
docs = ["furo (>=2022.12.7)", "proselint (>=0.13)", "sphinx (>=5.3)", "sphinx-autodoc-typehints (>=1.19.5)"]
test = ["appdirs (==1.4.4)", "covdefaults (>=2.2.2)", "pytest (>=7.2)", "pytest-cov (>=4)", "pytest-mock (>=3.10)"]

[[package]]
name = "pluggy"
version = "1.0.0"
description = "plugin and hook calling mechanisms for python"
optional = false
python-versions = ">=3.6"
files = [
    {file = "pluggy-1.0.0-py2.py3-none-any.whl", hash = "sha256:74134bbf457f031a36d68416e1509f34bd5ccc019f0bcc952c7b909d06b37bd3"},
    {file = "pluggy-1.0.0.tar.gz", hash = "sha256:4224373bacce55f955a878bf9cfa763c1e360858e330072059e10bad68531159"},
]

[package.extras]
dev = ["pre-commit", "tox"]
testing = ["pytest", "pytest-benchmark"]

[[package]]
name = "pylint"
version = "3.0.1"
description = "python code static checker"
optional = false
python-versions = ">=3.8.0"
files = [
    {file = "pylint-3.0.1-py3-none-any.whl", hash = "sha256:9c90b89e2af7809a1697f6f5f93f1d0e518ac566e2ac4d2af881a69c13ad01ea"},
    {file = "pylint-3.0.1.tar.gz", hash = "sha256:81c6125637be216b4652ae50cc42b9f8208dfb725cdc7e04c48f6902f4dbdf40"},
]

[package.dependencies]
astroid = ">=3.0.0,<=3.1.0-dev0"
colorama = {version = ">=0.4.5", markers = "sys_platform == \"win32\""}
dill = [
    {version = ">=0.2", markers = "python_version < \"3.11\""},
    {version = ">=0.3.7", markers = "python_version >= \"3.12\""},
    {version = ">=0.3.6", markers = "python_version >= \"3.11\" and python_version < \"3.12\""},
]
isort = ">=4.2.5,<6"
mccabe = ">=0.6,<0.8"
platformdirs = ">=2.2.0"
tomli = {version = ">=1.1.0", markers = "python_version < \"3.11\""}
tomlkit = ">=0.10.1"
typing-extensions = {version = ">=3.10.0", markers = "python_version < \"3.10\""}

[package.extras]
spelling = ["pyenchant (>=3.2,<4.0)"]
testutils = ["gitpython (>3)"]

[[package]]
name = "pytest"
version = "7.4.2"
description = "pytest: simple powerful testing with Python"
optional = false
python-versions = ">=3.7"
files = [
    {file = "pytest-7.4.2-py3-none-any.whl", hash = "sha256:1d881c6124e08ff0a1bb75ba3ec0bfd8b5354a01c194ddd5a0a870a48d99b002"},
    {file = "pytest-7.4.2.tar.gz", hash = "sha256:a766259cfab564a2ad52cb1aae1b881a75c3eb7e34ca3779697c23ed47c47069"},
]

[package.dependencies]
colorama = {version = "*", markers = "sys_platform == \"win32\""}
exceptiongroup = {version = ">=1.0.0rc8", markers = "python_version < \"3.11\""}
iniconfig = "*"
packaging = "*"
pluggy = ">=0.12,<2.0"
tomli = {version = ">=1.0.0", markers = "python_version < \"3.11\""}

[package.extras]
testing = ["argcomplete", "attrs (>=19.2.0)", "hypothesis (>=3.56)", "mock", "nose", "pygments (>=2.7.2)", "requests", "setuptools", "xmlschema"]

[[package]]
name = "pytest-dependency"
version = "0.5.1"
description = "Manage dependencies of tests"
optional = false
python-versions = "*"
files = [
    {file = "pytest-dependency-0.5.1.tar.gz", hash = "sha256:c2a892906192663f85030a6ab91304e508e546cddfe557d692d61ec57a1d946b"},
]

[package.dependencies]
pytest = ">=3.6.0"

[[package]]
name = "python-ulid"
version = "1.1.0"
description = "Universally Unique Lexicographically Sortable Identifier"
optional = false
python-versions = ">=3.7"
files = [
    {file = "python-ulid-1.1.0.tar.gz", hash = "sha256:5fb5e4a91db8ca93e8938a613360b3def299b60d41f847279a8c39c9b2e9c65e"},
    {file = "python_ulid-1.1.0-py3-none-any.whl", hash = "sha256:88c952f6be133dbede19c907d72d26717d2691ec8421512b573144794d891e24"},
]

[[package]]
name = "structlog"
version = "23.1.0"
description = "Structured Logging for Python"
optional = false
python-versions = ">=3.7"
files = [
    {file = "structlog-23.1.0-py3-none-any.whl", hash = "sha256:79b9e68e48b54e373441e130fa447944e6f87a05b35de23138e475c05d0f7e0e"},
    {file = "structlog-23.1.0.tar.gz", hash = "sha256:270d681dd7d163c11ba500bc914b2472d2b50a8ef00faa999ded5ff83a2f906b"},
]

[package.extras]
dev = ["structlog[docs,tests,typing]"]
docs = ["furo", "myst-parser", "sphinx", "sphinx-notfound-page", "sphinxcontrib-mermaid", "twisted"]
tests = ["coverage[toml]", "freezegun (>=0.2.8)", "pretend", "pytest (>=6.0)", "pytest-asyncio (>=0.17)", "simplejson"]
typing = ["mypy", "rich", "twisted"]

[[package]]
name = "tomli"
version = "2.0.1"
description = "A lil' TOML parser"
optional = false
python-versions = ">=3.7"
files = [
    {file = "tomli-2.0.1-py3-none-any.whl", hash = "sha256:939de3e7a6161af0c887ef91b7d41a53e7c5a1ca976325f429cb46ea9bc30ecc"},
    {file = "tomli-2.0.1.tar.gz", hash = "sha256:de526c12914f0c550d15924c62d72abc48d6fe7364aa87328337a31007fe8a4f"},
]

[[package]]
name = "tomlkit"
version = "0.11.6"
description = "Style preserving TOML library"
optional = false
python-versions = ">=3.6"
files = [
    {file = "tomlkit-0.11.6-py3-none-any.whl", hash = "sha256:07de26b0d8cfc18f871aec595fda24d95b08fef89d147caa861939f37230bf4b"},
    {file = "tomlkit-0.11.6.tar.gz", hash = "sha256:71b952e5721688937fb02cf9d354dbcf0785066149d2855e44531ebdd2b65d73"},
]

[[package]]
name = "typing-extensions"
version = "4.4.0"
description = "Backported and Experimental Type Hints for Python 3.7+"
optional = false
python-versions = ">=3.7"
files = [
    {file = "typing_extensions-4.4.0-py3-none-any.whl", hash = "sha256:16fa4864408f655d35ec496218b85f79b3437c829e93320c7c9215ccfd92489e"},
    {file = "typing_extensions-4.4.0.tar.gz", hash = "sha256:1511434bb92bf8dd198c12b1cc812e800d4181cfcb867674e0f8279cc93087aa"},
]

[metadata]
lock-version = "2.0"
python-versions = "^3.8"
content-hash = "1e4c70a219746ea8544b62f3d23b44fc7a44e11c5c4f9f7b4b906cdb6717ebbc"
